// !$*UTF8*$!
{
	archiveVersion = 1;
	classes = {
	};
	objectVersion = 56;
	objects = {

/* Begin PBXBuildFile section */
		1D3A72B728F481810096DF6E /* AppDelegate.swift in Sources */ = {isa = PBXBuildFile; fileRef = 1D3A72B628F481810096DF6E /* AppDelegate.swift */; };
		1D3A72B928F481810096DF6E /* SceneDelegate.swift in Sources */ = {isa = PBXBuildFile; fileRef = 1D3A72B828F481810096DF6E /* SceneDelegate.swift */; };
		1D3A72BB28F481810096DF6E /* InitialScreenViewController.swift in Sources */ = {isa = PBXBuildFile; fileRef = 1D3A72BA28F481810096DF6E /* InitialScreenViewController.swift */; };
		1D3A72C028F481820096DF6E /* Assets.xcassets in Resources */ = {isa = PBXBuildFile; fileRef = 1D3A72BF28F481820096DF6E /* Assets.xcassets */; };
		1D3A72C328F481820096DF6E /* LaunchScreen.storyboard in Resources */ = {isa = PBXBuildFile; fileRef = 1D3A72C128F481820096DF6E /* LaunchScreen.storyboard */; };
		1D3A72CE28F481820096DF6E /* DailyUniverseTests.swift in Sources */ = {isa = PBXBuildFile; fileRef = 1D3A72CD28F481820096DF6E /* DailyUniverseTests.swift */; };
		1D3A72D828F481820096DF6E /* DailyUniverseUITests.swift in Sources */ = {isa = PBXBuildFile; fileRef = 1D3A72D728F481820096DF6E /* DailyUniverseUITests.swift */; };
		1D3A72DA28F481820096DF6E /* DailyUniverseUITestsLaunchTests.swift in Sources */ = {isa = PBXBuildFile; fileRef = 1D3A72D928F481820096DF6E /* DailyUniverseUITestsLaunchTests.swift */; };
		1D68B21D2906C0440092A907 /* API.swift in Sources */ = {isa = PBXBuildFile; fileRef = 1D68B21C2906C0440092A907 /* API.swift */; };
		1D68B21E2906C0440092A907 /* API.swift in Sources */ = {isa = PBXBuildFile; fileRef = 1D68B21C2906C0440092A907 /* API.swift */; };
		1D68B21F2906C0440092A907 /* API.swift in Sources */ = {isa = PBXBuildFile; fileRef = 1D68B21C2906C0440092A907 /* API.swift */; };
		1D68B2222906ECAD0092A907 /* load.json in Resources */ = {isa = PBXBuildFile; fileRef = 1D68B2212906ECAD0092A907 /* load.json */; };
		1D68B2232906ECAD0092A907 /* load.json in Resources */ = {isa = PBXBuildFile; fileRef = 1D68B2212906ECAD0092A907 /* load.json */; };
		1D68B2242906ECAD0092A907 /* load.json in Resources */ = {isa = PBXBuildFile; fileRef = 1D68B2212906ECAD0092A907 /* load.json */; };
		1D68B2262906F5600092A907 /* starsFalling1.json in Resources */ = {isa = PBXBuildFile; fileRef = 1D68B2252906F5600092A907 /* starsFalling1.json */; };
		1D68B2272906F5600092A907 /* starsFalling1.json in Resources */ = {isa = PBXBuildFile; fileRef = 1D68B2252906F5600092A907 /* starsFalling1.json */; };
		1D68B2282906F5600092A907 /* starsFalling1.json in Resources */ = {isa = PBXBuildFile; fileRef = 1D68B2252906F5600092A907 /* starsFalling1.json */; };
		1D68B2B42909BEC00092A907 /* BackgroundLayer.swift in Sources */ = {isa = PBXBuildFile; fileRef = 1D68B2B32909BEC00092A907 /* BackgroundLayer.swift */; };
		1D68B2B52909BEC00092A907 /* BackgroundLayer.swift in Sources */ = {isa = PBXBuildFile; fileRef = 1D68B2B32909BEC00092A907 /* BackgroundLayer.swift */; };
		1D68B2B62909BEC00092A907 /* BackgroundLayer.swift in Sources */ = {isa = PBXBuildFile; fileRef = 1D68B2B32909BEC00092A907 /* BackgroundLayer.swift */; };
		1D68B2B8290AB76E0092A907 /* Font.swift in Sources */ = {isa = PBXBuildFile; fileRef = 1D68B2B7290AB76E0092A907 /* Font.swift */; };
		1D68B2BA290AFC3D0092A907 /* starfall.json in Resources */ = {isa = PBXBuildFile; fileRef = 1D68B2B9290AFC3D0092A907 /* starfall.json */; };
		1DEBCB6128FD838000FC4B02 /* Lottie in Frameworks */ = {isa = PBXBuildFile; productRef = 1DEBCB6028FD838000FC4B02 /* Lottie */; };
		1DEBCB6328FD888900FC4B02 /* nightSkyBackground.json in Resources */ = {isa = PBXBuildFile; fileRef = 1DEBCB6228FD888900FC4B02 /* nightSkyBackground.json */; };
		1DEBCB6428FD888900FC4B02 /* nightSkyBackground.json in Resources */ = {isa = PBXBuildFile; fileRef = 1DEBCB6228FD888900FC4B02 /* nightSkyBackground.json */; };
		1DEBCB6528FD888900FC4B02 /* nightSkyBackground.json in Resources */ = {isa = PBXBuildFile; fileRef = 1DEBCB6228FD888900FC4B02 /* nightSkyBackground.json */; };
		1DEBCB6728FD95EC00FC4B02 /* InitialScreenView.swift in Sources */ = {isa = PBXBuildFile; fileRef = 1DEBCB6628FD95EC00FC4B02 /* InitialScreenView.swift */; };
		1DEBCB6828FD95EC00FC4B02 /* InitialScreenView.swift in Sources */ = {isa = PBXBuildFile; fileRef = 1DEBCB6628FD95EC00FC4B02 /* InitialScreenView.swift */; };
		1DEBCB6928FD95EC00FC4B02 /* InitialScreenView.swift in Sources */ = {isa = PBXBuildFile; fileRef = 1DEBCB6628FD95EC00FC4B02 /* InitialScreenView.swift */; };
		1DEBCB6B28FD9BC200FC4B02 /* SavedCardsScreenView.swift in Sources */ = {isa = PBXBuildFile; fileRef = 1DEBCB6A28FD9BC200FC4B02 /* SavedCardsScreenView.swift */; };
		1DEBCB6C28FD9BC200FC4B02 /* SavedCardsScreenView.swift in Sources */ = {isa = PBXBuildFile; fileRef = 1DEBCB6A28FD9BC200FC4B02 /* SavedCardsScreenView.swift */; };
		1DEBCB6D28FD9BC200FC4B02 /* SavedCardsScreenView.swift in Sources */ = {isa = PBXBuildFile; fileRef = 1DEBCB6A28FD9BC200FC4B02 /* SavedCardsScreenView.swift */; };
		1DEBCB6F28FDD6A100FC4B02 /* Post.swift in Sources */ = {isa = PBXBuildFile; fileRef = 1DEBCB6E28FDD6A100FC4B02 /* Post.swift */; };
		1DEBCB7028FDD6A100FC4B02 /* Post.swift in Sources */ = {isa = PBXBuildFile; fileRef = 1DEBCB6E28FDD6A100FC4B02 /* Post.swift */; };
		1DEBCB7128FDD6A100FC4B02 /* Post.swift in Sources */ = {isa = PBXBuildFile; fileRef = 1DEBCB6E28FDD6A100FC4B02 /* Post.swift */; };
		1DECADC528FA1B4A004E62F1 /* SavedCardsScreenViewController.swift in Sources */ = {isa = PBXBuildFile; fileRef = 1DECADC428FA1B4A004E62F1 /* SavedCardsScreenViewController.swift */; };
/* End PBXBuildFile section */

/* Begin PBXContainerItemProxy section */
		1D3A72CA28F481820096DF6E /* PBXContainerItemProxy */ = {
			isa = PBXContainerItemProxy;
			containerPortal = 1D3A72AB28F481810096DF6E /* Project object */;
			proxyType = 1;
			remoteGlobalIDString = 1D3A72B228F481810096DF6E;
			remoteInfo = DailyUniverse;
		};
		1D3A72D428F481820096DF6E /* PBXContainerItemProxy */ = {
			isa = PBXContainerItemProxy;
			containerPortal = 1D3A72AB28F481810096DF6E /* Project object */;
			proxyType = 1;
			remoteGlobalIDString = 1D3A72B228F481810096DF6E;
			remoteInfo = DailyUniverse;
		};
/* End PBXContainerItemProxy section */

/* Begin PBXFileReference section */
		1D3A72B328F481810096DF6E /* DailyUniverse.app */ = {isa = PBXFileReference; explicitFileType = wrapper.application; includeInIndex = 0; path = DailyUniverse.app; sourceTree = BUILT_PRODUCTS_DIR; };
		1D3A72B628F481810096DF6E /* AppDelegate.swift */ = {isa = PBXFileReference; lastKnownFileType = sourcecode.swift; path = AppDelegate.swift; sourceTree = "<group>"; };
		1D3A72B828F481810096DF6E /* SceneDelegate.swift */ = {isa = PBXFileReference; lastKnownFileType = sourcecode.swift; path = SceneDelegate.swift; sourceTree = "<group>"; };
		1D3A72BA28F481810096DF6E /* InitialScreenViewController.swift */ = {isa = PBXFileReference; lastKnownFileType = sourcecode.swift; path = InitialScreenViewController.swift; sourceTree = "<group>"; };
		1D3A72BF28F481820096DF6E /* Assets.xcassets */ = {isa = PBXFileReference; lastKnownFileType = folder.assetcatalog; path = Assets.xcassets; sourceTree = "<group>"; };
		1D3A72C228F481820096DF6E /* Base */ = {isa = PBXFileReference; lastKnownFileType = file.storyboard; name = Base; path = Base.lproj/LaunchScreen.storyboard; sourceTree = "<group>"; };
		1D3A72C428F481820096DF6E /* Info.plist */ = {isa = PBXFileReference; lastKnownFileType = text.plist.xml; path = Info.plist; sourceTree = "<group>"; };
		1D3A72C928F481820096DF6E /* DailyUniverseTests.xctest */ = {isa = PBXFileReference; explicitFileType = wrapper.cfbundle; includeInIndex = 0; path = DailyUniverseTests.xctest; sourceTree = BUILT_PRODUCTS_DIR; };
		1D3A72CD28F481820096DF6E /* DailyUniverseTests.swift */ = {isa = PBXFileReference; lastKnownFileType = sourcecode.swift; path = DailyUniverseTests.swift; sourceTree = "<group>"; };
		1D3A72D328F481820096DF6E /* DailyUniverseUITests.xctest */ = {isa = PBXFileReference; explicitFileType = wrapper.cfbundle; includeInIndex = 0; path = DailyUniverseUITests.xctest; sourceTree = BUILT_PRODUCTS_DIR; };
		1D3A72D728F481820096DF6E /* DailyUniverseUITests.swift */ = {isa = PBXFileReference; lastKnownFileType = sourcecode.swift; path = DailyUniverseUITests.swift; sourceTree = "<group>"; };
		1D3A72D928F481820096DF6E /* DailyUniverseUITestsLaunchTests.swift */ = {isa = PBXFileReference; lastKnownFileType = sourcecode.swift; path = DailyUniverseUITestsLaunchTests.swift; sourceTree = "<group>"; };
		1D68B21C2906C0440092A907 /* API.swift */ = {isa = PBXFileReference; lastKnownFileType = sourcecode.swift; path = API.swift; sourceTree = "<group>"; };
		1D68B2212906ECAD0092A907 /* load.json */ = {isa = PBXFileReference; fileEncoding = 4; lastKnownFileType = text.json; path = load.json; sourceTree = "<group>"; };
		1D68B2252906F5600092A907 /* starsFalling1.json */ = {isa = PBXFileReference; fileEncoding = 4; lastKnownFileType = text.json; path = starsFalling1.json; sourceTree = "<group>"; };
		1D68B2B32909BEC00092A907 /* BackgroundLayer.swift */ = {isa = PBXFileReference; lastKnownFileType = sourcecode.swift; path = BackgroundLayer.swift; sourceTree = "<group>"; };
		1D68B2B7290AB76E0092A907 /* Font.swift */ = {isa = PBXFileReference; lastKnownFileType = sourcecode.swift; path = Font.swift; sourceTree = "<group>"; };
		1D68B2B9290AFC3D0092A907 /* starfall.json */ = {isa = PBXFileReference; fileEncoding = 4; lastKnownFileType = text.json; path = starfall.json; sourceTree = "<group>"; };
		1DEBCB6228FD888900FC4B02 /* nightSkyBackground.json */ = {isa = PBXFileReference; fileEncoding = 4; lastKnownFileType = text.json; path = nightSkyBackground.json; sourceTree = "<group>"; };
		1DEBCB6628FD95EC00FC4B02 /* InitialScreenView.swift */ = {isa = PBXFileReference; lastKnownFileType = sourcecode.swift; path = InitialScreenView.swift; sourceTree = "<group>"; };
		1DEBCB6A28FD9BC200FC4B02 /* SavedCardsScreenView.swift */ = {isa = PBXFileReference; lastKnownFileType = sourcecode.swift; path = SavedCardsScreenView.swift; sourceTree = "<group>"; };
		1DEBCB6E28FDD6A100FC4B02 /* Post.swift */ = {isa = PBXFileReference; lastKnownFileType = sourcecode.swift; path = Post.swift; sourceTree = "<group>"; };
		1DECADC428FA1B4A004E62F1 /* SavedCardsScreenViewController.swift */ = {isa = PBXFileReference; lastKnownFileType = sourcecode.swift; path = SavedCardsScreenViewController.swift; sourceTree = "<group>"; };
/* End PBXFileReference section */

/* Begin PBXFrameworksBuildPhase section */
		1D3A72B028F481810096DF6E /* Frameworks */ = {
			isa = PBXFrameworksBuildPhase;
			buildActionMask = 2147483647;
			files = (
				1DEBCB6128FD838000FC4B02 /* Lottie in Frameworks */,
			);
			runOnlyForDeploymentPostprocessing = 0;
		};
		1D3A72C628F481820096DF6E /* Frameworks */ = {
			isa = PBXFrameworksBuildPhase;
			buildActionMask = 2147483647;
			files = (
			);
			runOnlyForDeploymentPostprocessing = 0;
		};
		1D3A72D028F481820096DF6E /* Frameworks */ = {
			isa = PBXFrameworksBuildPhase;
			buildActionMask = 2147483647;
			files = (
			);
			runOnlyForDeploymentPostprocessing = 0;
		};
/* End PBXFrameworksBuildPhase section */

/* Begin PBXGroup section */
		1D3A72AA28F481810096DF6E = {
			isa = PBXGroup;
			children = (
				1D3A72B528F481810096DF6E /* DailyUniverse */,
				1D3A72CC28F481820096DF6E /* DailyUniverseTests */,
				1D3A72D628F481820096DF6E /* DailyUniverseUITests */,
				1D3A72B428F481810096DF6E /* Products */,
			);
			sourceTree = "<group>";
		};
		1D3A72B428F481810096DF6E /* Products */ = {
			isa = PBXGroup;
			children = (
				1D3A72B328F481810096DF6E /* DailyUniverse.app */,
				1D3A72C928F481820096DF6E /* DailyUniverseTests.xctest */,
				1D3A72D328F481820096DF6E /* DailyUniverseUITests.xctest */,
			);
			name = Products;
			sourceTree = "<group>";
		};
		1D3A72B528F481810096DF6E /* DailyUniverse */ = {
			isa = PBXGroup;
			children = (
				1D68B2B22909BEB50092A907 /* Extensions */,
				1D68B2202906C04F0092A907 /* API */,
				1DECADBF28F99658004E62F1 /* Controller */,
				1DECADBE28F9964C004E62F1 /* View */,
				1DECADBD28F9963F004E62F1 /* Model */,
				1D3A72B628F481810096DF6E /* AppDelegate.swift */,
				1D3A72B828F481810096DF6E /* SceneDelegate.swift */,
				1D3A72BF28F481820096DF6E /* Assets.xcassets */,
				1D68B2212906ECAD0092A907 /* load.json */,
				1D68B2B9290AFC3D0092A907 /* starfall.json */,
				1D68B2252906F5600092A907 /* starsFalling1.json */,
				1DEBCB6228FD888900FC4B02 /* nightSkyBackground.json */,
				1D3A72C128F481820096DF6E /* LaunchScreen.storyboard */,
				1D3A72C428F481820096DF6E /* Info.plist */,
			);
			path = DailyUniverse;
			sourceTree = "<group>";
		};
		1D3A72CC28F481820096DF6E /* DailyUniverseTests */ = {
			isa = PBXGroup;
			children = (
				1D3A72CD28F481820096DF6E /* DailyUniverseTests.swift */,
			);
			path = DailyUniverseTests;
			sourceTree = "<group>";
		};
		1D3A72D628F481820096DF6E /* DailyUniverseUITests */ = {
			isa = PBXGroup;
			children = (
				1D3A72D728F481820096DF6E /* DailyUniverseUITests.swift */,
				1D3A72D928F481820096DF6E /* DailyUniverseUITestsLaunchTests.swift */,
			);
			path = DailyUniverseUITests;
			sourceTree = "<group>";
		};
		1D68B2202906C04F0092A907 /* API */ = {
			isa = PBXGroup;
			children = (
				1D68B21C2906C0440092A907 /* API.swift */,
			);
			path = API;
			sourceTree = "<group>";
		};
		1D68B2B22909BEB50092A907 /* Extensions */ = {
			isa = PBXGroup;
			children = (
				1D68B2B32909BEC00092A907 /* BackgroundLayer.swift */,
				1D68B2B7290AB76E0092A907 /* Font.swift */,
			);
			path = Extensions;
			sourceTree = "<group>";
		};
		1DECADBD28F9963F004E62F1 /* Model */ = {
			isa = PBXGroup;
			children = (
				1DEBCB6E28FDD6A100FC4B02 /* Post.swift */,
			);
			path = Model;
			sourceTree = "<group>";
		};
		1DECADBE28F9964C004E62F1 /* View */ = {
			isa = PBXGroup;
			children = (
				1DEBCB6628FD95EC00FC4B02 /* InitialScreenView.swift */,
				1DEBCB6A28FD9BC200FC4B02 /* SavedCardsScreenView.swift */,
			);
			path = View;
			sourceTree = "<group>";
		};
		1DECADBF28F99658004E62F1 /* Controller */ = {
			isa = PBXGroup;
			children = (
				1D3A72BA28F481810096DF6E /* InitialScreenViewController.swift */,
				1DECADC428FA1B4A004E62F1 /* SavedCardsScreenViewController.swift */,
			);
			path = Controller;
			sourceTree = "<group>";
		};
/* End PBXGroup section */

/* Begin PBXNativeTarget section */
		1D3A72B228F481810096DF6E /* DailyUniverse */ = {
			isa = PBXNativeTarget;
			buildConfigurationList = 1D3A72DD28F481820096DF6E /* Build configuration list for PBXNativeTarget "DailyUniverse" */;
			buildPhases = (
				1D3A72AF28F481810096DF6E /* Sources */,
				1D3A72B028F481810096DF6E /* Frameworks */,
				1D3A72B128F481810096DF6E /* Resources */,
			);
			buildRules = (
			);
			dependencies = (
			);
			name = DailyUniverse;
			packageProductDependencies = (
				1DEBCB6028FD838000FC4B02 /* Lottie */,
			);
			productName = DailyUniverse;
			productReference = 1D3A72B328F481810096DF6E /* DailyUniverse.app */;
			productType = "com.apple.product-type.application";
		};
		1D3A72C828F481820096DF6E /* DailyUniverseTests */ = {
			isa = PBXNativeTarget;
			buildConfigurationList = 1D3A72E028F481820096DF6E /* Build configuration list for PBXNativeTarget "DailyUniverseTests" */;
			buildPhases = (
				1D3A72C528F481820096DF6E /* Sources */,
				1D3A72C628F481820096DF6E /* Frameworks */,
				1D3A72C728F481820096DF6E /* Resources */,
			);
			buildRules = (
			);
			dependencies = (
				1D3A72CB28F481820096DF6E /* PBXTargetDependency */,
			);
			name = DailyUniverseTests;
			productName = DailyUniverseTests;
			productReference = 1D3A72C928F481820096DF6E /* DailyUniverseTests.xctest */;
			productType = "com.apple.product-type.bundle.unit-test";
		};
		1D3A72D228F481820096DF6E /* DailyUniverseUITests */ = {
			isa = PBXNativeTarget;
			buildConfigurationList = 1D3A72E328F481820096DF6E /* Build configuration list for PBXNativeTarget "DailyUniverseUITests" */;
			buildPhases = (
				1D3A72CF28F481820096DF6E /* Sources */,
				1D3A72D028F481820096DF6E /* Frameworks */,
				1D3A72D128F481820096DF6E /* Resources */,
			);
			buildRules = (
			);
			dependencies = (
				1D3A72D528F481820096DF6E /* PBXTargetDependency */,
			);
			name = DailyUniverseUITests;
			productName = DailyUniverseUITests;
			productReference = 1D3A72D328F481820096DF6E /* DailyUniverseUITests.xctest */;
			productType = "com.apple.product-type.bundle.ui-testing";
		};
/* End PBXNativeTarget section */

/* Begin PBXProject section */
		1D3A72AB28F481810096DF6E /* Project object */ = {
			isa = PBXProject;
			attributes = {
				BuildIndependentTargetsInParallel = 1;
				LastSwiftUpdateCheck = 1400;
				LastUpgradeCheck = 1400;
				TargetAttributes = {
					1D3A72B228F481810096DF6E = {
						CreatedOnToolsVersion = 14.0;
					};
					1D3A72C828F481820096DF6E = {
						CreatedOnToolsVersion = 14.0;
						TestTargetID = 1D3A72B228F481810096DF6E;
					};
					1D3A72D228F481820096DF6E = {
						CreatedOnToolsVersion = 14.0;
						TestTargetID = 1D3A72B228F481810096DF6E;
					};
				};
			};
			buildConfigurationList = 1D3A72AE28F481810096DF6E /* Build configuration list for PBXProject "DailyUniverse" */;
			compatibilityVersion = "Xcode 14.0";
			developmentRegion = en;
			hasScannedForEncodings = 0;
			knownRegions = (
				en,
				Base,
			);
			mainGroup = 1D3A72AA28F481810096DF6E;
			packageReferences = (
				1DEBCB5F28FD838000FC4B02 /* XCRemoteSwiftPackageReference "lottie-ios" */,
			);
			productRefGroup = 1D3A72B428F481810096DF6E /* Products */;
			projectDirPath = "";
			projectRoot = "";
			targets = (
				1D3A72B228F481810096DF6E /* DailyUniverse */,
				1D3A72C828F481820096DF6E /* DailyUniverseTests */,
				1D3A72D228F481820096DF6E /* DailyUniverseUITests */,
			);
		};
/* End PBXProject section */

/* Begin PBXResourcesBuildPhase section */
		1D3A72B128F481810096DF6E /* Resources */ = {
			isa = PBXResourcesBuildPhase;
			buildActionMask = 2147483647;
			files = (
				1D68B2BA290AFC3D0092A907 /* starfall.json in Resources */,
				1D3A72C328F481820096DF6E /* LaunchScreen.storyboard in Resources */,
				1D68B2222906ECAD0092A907 /* load.json in Resources */,
				1D3A72C028F481820096DF6E /* Assets.xcassets in Resources */,
				1DEBCB6328FD888900FC4B02 /* nightSkyBackground.json in Resources */,
				1D68B2262906F5600092A907 /* starsFalling1.json in Resources */,
			);
			runOnlyForDeploymentPostprocessing = 0;
		};
		1D3A72C728F481820096DF6E /* Resources */ = {
			isa = PBXResourcesBuildPhase;
			buildActionMask = 2147483647;
			files = (
				1DEBCB6428FD888900FC4B02 /* nightSkyBackground.json in Resources */,
				1D68B2232906ECAD0092A907 /* load.json in Resources */,
				1D68B2272906F5600092A907 /* starsFalling1.json in Resources */,
			);
			runOnlyForDeploymentPostprocessing = 0;
		};
		1D3A72D128F481820096DF6E /* Resources */ = {
			isa = PBXResourcesBuildPhase;
			buildActionMask = 2147483647;
			files = (
				1DEBCB6528FD888900FC4B02 /* nightSkyBackground.json in Resources */,
				1D68B2242906ECAD0092A907 /* load.json in Resources */,
				1D68B2282906F5600092A907 /* starsFalling1.json in Resources */,
			);
			runOnlyForDeploymentPostprocessing = 0;
		};
/* End PBXResourcesBuildPhase section */

/* Begin PBXSourcesBuildPhase section */
		1D3A72AF28F481810096DF6E /* Sources */ = {
			isa = PBXSourcesBuildPhase;
			buildActionMask = 2147483647;
			files = (
				1DEBCB6B28FD9BC200FC4B02 /* SavedCardsScreenView.swift in Sources */,
				1D3A72BB28F481810096DF6E /* InitialScreenViewController.swift in Sources */,
				1D68B2B8290AB76E0092A907 /* Font.swift in Sources */,
				1DEBCB6728FD95EC00FC4B02 /* InitialScreenView.swift in Sources */,
				1DECADC528FA1B4A004E62F1 /* SavedCardsScreenViewController.swift in Sources */,
				1D3A72B728F481810096DF6E /* AppDelegate.swift in Sources */,
				1D68B21D2906C0440092A907 /* API.swift in Sources */,
				1DEBCB6F28FDD6A100FC4B02 /* Post.swift in Sources */,
				1D68B2B42909BEC00092A907 /* BackgroundLayer.swift in Sources */,
				1D3A72B928F481810096DF6E /* SceneDelegate.swift in Sources */,
			);
			runOnlyForDeploymentPostprocessing = 0;
		};
		1D3A72C528F481820096DF6E /* Sources */ = {
			isa = PBXSourcesBuildPhase;
			buildActionMask = 2147483647;
			files = (
				1D68B21E2906C0440092A907 /* API.swift in Sources */,
				1D68B2B52909BEC00092A907 /* BackgroundLayer.swift in Sources */,
				1DEBCB6C28FD9BC200FC4B02 /* SavedCardsScreenView.swift in Sources */,
				1D3A72CE28F481820096DF6E /* DailyUniverseTests.swift in Sources */,
				1DEBCB6828FD95EC00FC4B02 /* InitialScreenView.swift in Sources */,
				1DEBCB7028FDD6A100FC4B02 /* Post.swift in Sources */,
			);
			runOnlyForDeploymentPostprocessing = 0;
		};
		1D3A72CF28F481820096DF6E /* Sources */ = {
			isa = PBXSourcesBuildPhase;
			buildActionMask = 2147483647;
			files = (
				1DEBCB6D28FD9BC200FC4B02 /* SavedCardsScreenView.swift in Sources */,
				1D68B21F2906C0440092A907 /* API.swift in Sources */,
				1D68B2B62909BEC00092A907 /* BackgroundLayer.swift in Sources */,
				1D3A72D828F481820096DF6E /* DailyUniverseUITests.swift in Sources */,
				1DEBCB6928FD95EC00FC4B02 /* InitialScreenView.swift in Sources */,
				1D3A72DA28F481820096DF6E /* DailyUniverseUITestsLaunchTests.swift in Sources */,
				1DEBCB7128FDD6A100FC4B02 /* Post.swift in Sources */,
			);
			runOnlyForDeploymentPostprocessing = 0;
		};
/* End PBXSourcesBuildPhase section */

/* Begin PBXTargetDependency section */
		1D3A72CB28F481820096DF6E /* PBXTargetDependency */ = {
			isa = PBXTargetDependency;
			target = 1D3A72B228F481810096DF6E /* DailyUniverse */;
			targetProxy = 1D3A72CA28F481820096DF6E /* PBXContainerItemProxy */;
		};
		1D3A72D528F481820096DF6E /* PBXTargetDependency */ = {
			isa = PBXTargetDependency;
			target = 1D3A72B228F481810096DF6E /* DailyUniverse */;
			targetProxy = 1D3A72D428F481820096DF6E /* PBXContainerItemProxy */;
		};
/* End PBXTargetDependency section */

/* Begin PBXVariantGroup section */
		1D3A72C128F481820096DF6E /* LaunchScreen.storyboard */ = {
			isa = PBXVariantGroup;
			children = (
				1D3A72C228F481820096DF6E /* Base */,
			);
			name = LaunchScreen.storyboard;
			sourceTree = "<group>";
		};
/* End PBXVariantGroup section */

/* Begin XCBuildConfiguration section */
		1D3A72DB28F481820096DF6E /* Debug */ = {
			isa = XCBuildConfiguration;
			buildSettings = {
				ALWAYS_SEARCH_USER_PATHS = NO;
				CLANG_ANALYZER_NONNULL = YES;
				CLANG_ANALYZER_NUMBER_OBJECT_CONVERSION = YES_AGGRESSIVE;
				CLANG_CXX_LANGUAGE_STANDARD = "gnu++20";
				CLANG_ENABLE_MODULES = YES;
				CLANG_ENABLE_OBJC_ARC = YES;
				CLANG_ENABLE_OBJC_WEAK = YES;
				CLANG_WARN_BLOCK_CAPTURE_AUTORELEASING = YES;
				CLANG_WARN_BOOL_CONVERSION = YES;
				CLANG_WARN_COMMA = YES;
				CLANG_WARN_CONSTANT_CONVERSION = YES;
				CLANG_WARN_DEPRECATED_OBJC_IMPLEMENTATIONS = YES;
				CLANG_WARN_DIRECT_OBJC_ISA_USAGE = YES_ERROR;
				CLANG_WARN_DOCUMENTATION_COMMENTS = YES;
				CLANG_WARN_EMPTY_BODY = YES;
				CLANG_WARN_ENUM_CONVERSION = YES;
				CLANG_WARN_INFINITE_RECURSION = YES;
				CLANG_WARN_INT_CONVERSION = YES;
				CLANG_WARN_NON_LITERAL_NULL_CONVERSION = YES;
				CLANG_WARN_OBJC_IMPLICIT_RETAIN_SELF = YES;
				CLANG_WARN_OBJC_LITERAL_CONVERSION = YES;
				CLANG_WARN_OBJC_ROOT_CLASS = YES_ERROR;
				CLANG_WARN_QUOTED_INCLUDE_IN_FRAMEWORK_HEADER = YES;
				CLANG_WARN_RANGE_LOOP_ANALYSIS = YES;
				CLANG_WARN_STRICT_PROTOTYPES = YES;
				CLANG_WARN_SUSPICIOUS_MOVE = YES;
				CLANG_WARN_UNGUARDED_AVAILABILITY = YES_AGGRESSIVE;
				CLANG_WARN_UNREACHABLE_CODE = YES;
				CLANG_WARN__DUPLICATE_METHOD_MATCH = YES;
				COPY_PHASE_STRIP = NO;
				DEBUG_INFORMATION_FORMAT = dwarf;
				ENABLE_STRICT_OBJC_MSGSEND = YES;
				ENABLE_TESTABILITY = YES;
				GCC_C_LANGUAGE_STANDARD = gnu11;
				GCC_DYNAMIC_NO_PIC = NO;
				GCC_NO_COMMON_BLOCKS = YES;
				GCC_OPTIMIZATION_LEVEL = 0;
				GCC_PREPROCESSOR_DEFINITIONS = (
					"DEBUG=1",
					"$(inherited)",
				);
				GCC_WARN_64_TO_32_BIT_CONVERSION = YES;
				GCC_WARN_ABOUT_RETURN_TYPE = YES_ERROR;
				GCC_WARN_UNDECLARED_SELECTOR = YES;
				GCC_WARN_UNINITIALIZED_AUTOS = YES_AGGRESSIVE;
				GCC_WARN_UNUSED_FUNCTION = YES;
				GCC_WARN_UNUSED_VARIABLE = YES;
				IPHONEOS_DEPLOYMENT_TARGET = 16.0;
				MTL_ENABLE_DEBUG_INFO = INCLUDE_SOURCE;
				MTL_FAST_MATH = YES;
				ONLY_ACTIVE_ARCH = YES;
				SDKROOT = iphoneos;
				SWIFT_ACTIVE_COMPILATION_CONDITIONS = DEBUG;
				SWIFT_OPTIMIZATION_LEVEL = "-Onone";
			};
			name = Debug;
		};
		1D3A72DC28F481820096DF6E /* Release */ = {
			isa = XCBuildConfiguration;
			buildSettings = {
				ALWAYS_SEARCH_USER_PATHS = NO;
				CLANG_ANALYZER_NONNULL = YES;
				CLANG_ANALYZER_NUMBER_OBJECT_CONVERSION = YES_AGGRESSIVE;
				CLANG_CXX_LANGUAGE_STANDARD = "gnu++20";
				CLANG_ENABLE_MODULES = YES;
				CLANG_ENABLE_OBJC_ARC = YES;
				CLANG_ENABLE_OBJC_WEAK = YES;
				CLANG_WARN_BLOCK_CAPTURE_AUTORELEASING = YES;
				CLANG_WARN_BOOL_CONVERSION = YES;
				CLANG_WARN_COMMA = YES;
				CLANG_WARN_CONSTANT_CONVERSION = YES;
				CLANG_WARN_DEPRECATED_OBJC_IMPLEMENTATIONS = YES;
				CLANG_WARN_DIRECT_OBJC_ISA_USAGE = YES_ERROR;
				CLANG_WARN_DOCUMENTATION_COMMENTS = YES;
				CLANG_WARN_EMPTY_BODY = YES;
				CLANG_WARN_ENUM_CONVERSION = YES;
				CLANG_WARN_INFINITE_RECURSION = YES;
				CLANG_WARN_INT_CONVERSION = YES;
				CLANG_WARN_NON_LITERAL_NULL_CONVERSION = YES;
				CLANG_WARN_OBJC_IMPLICIT_RETAIN_SELF = YES;
				CLANG_WARN_OBJC_LITERAL_CONVERSION = YES;
				CLANG_WARN_OBJC_ROOT_CLASS = YES_ERROR;
				CLANG_WARN_QUOTED_INCLUDE_IN_FRAMEWORK_HEADER = YES;
				CLANG_WARN_RANGE_LOOP_ANALYSIS = YES;
				CLANG_WARN_STRICT_PROTOTYPES = YES;
				CLANG_WARN_SUSPICIOUS_MOVE = YES;
				CLANG_WARN_UNGUARDED_AVAILABILITY = YES_AGGRESSIVE;
				CLANG_WARN_UNREACHABLE_CODE = YES;
				CLANG_WARN__DUPLICATE_METHOD_MATCH = YES;
				COPY_PHASE_STRIP = NO;
				DEBUG_INFORMATION_FORMAT = "dwarf-with-dsym";
				ENABLE_NS_ASSERTIONS = NO;
				ENABLE_STRICT_OBJC_MSGSEND = YES;
				GCC_C_LANGUAGE_STANDARD = gnu11;
				GCC_NO_COMMON_BLOCKS = YES;
				GCC_WARN_64_TO_32_BIT_CONVERSION = YES;
				GCC_WARN_ABOUT_RETURN_TYPE = YES_ERROR;
				GCC_WARN_UNDECLARED_SELECTOR = YES;
				GCC_WARN_UNINITIALIZED_AUTOS = YES_AGGRESSIVE;
				GCC_WARN_UNUSED_FUNCTION = YES;
				GCC_WARN_UNUSED_VARIABLE = YES;
				IPHONEOS_DEPLOYMENT_TARGET = 16.0;
				MTL_ENABLE_DEBUG_INFO = NO;
				MTL_FAST_MATH = YES;
				SDKROOT = iphoneos;
				SWIFT_COMPILATION_MODE = wholemodule;
				SWIFT_OPTIMIZATION_LEVEL = "-O";
				VALIDATE_PRODUCT = YES;
			};
			name = Release;
		};
		1D3A72DE28F481820096DF6E /* Debug */ = {
			isa = XCBuildConfiguration;
			buildSettings = {
				ASSETCATALOG_COMPILER_APPICON_NAME = AppIcon;
				ASSETCATALOG_COMPILER_GLOBAL_ACCENT_COLOR_NAME = AccentColor;
				CODE_SIGN_STYLE = Automatic;
				CURRENT_PROJECT_VERSION = 1;
				DEVELOPMENT_TEAM = JF8PTRU8N6;
				GENERATE_INFOPLIST_FILE = YES;
				INFOPLIST_FILE = DailyUniverse/Info.plist;
				INFOPLIST_KEY_UIApplicationSupportsIndirectInputEvents = YES;
				INFOPLIST_KEY_UILaunchStoryboardName = LaunchScreen;
				INFOPLIST_KEY_UISupportedInterfaceOrientations_iPad = "UIInterfaceOrientationPortrait UIInterfaceOrientationPortraitUpsideDown UIInterfaceOrientationLandscapeLeft UIInterfaceOrientationLandscapeRight";
				INFOPLIST_KEY_UISupportedInterfaceOrientations_iPhone = "UIInterfaceOrientationPortrait UIInterfaceOrientationLandscapeLeft UIInterfaceOrientationLandscapeRight";
				LD_RUNPATH_SEARCH_PATHS = (
					"$(inherited)",
					"@executable_path/Frameworks",
				);
				MARKETING_VERSION = 1.0;
				PRODUCT_BUNDLE_IDENTIFIER = com.pedromuniz.DailyUniverse;
				PRODUCT_NAME = "$(TARGET_NAME)";
				SWIFT_EMIT_LOC_STRINGS = YES;
				SWIFT_VERSION = 5.0;
				TARGETED_DEVICE_FAMILY = "1,2";
			};
			name = Debug;
		};
		1D3A72DF28F481820096DF6E /* Release */ = {
			isa = XCBuildConfiguration;
			buildSettings = {
				ASSETCATALOG_COMPILER_APPICON_NAME = AppIcon;
				ASSETCATALOG_COMPILER_GLOBAL_ACCENT_COLOR_NAME = AccentColor;
				CODE_SIGN_STYLE = Automatic;
				CURRENT_PROJECT_VERSION = 1;
				DEVELOPMENT_TEAM = JF8PTRU8N6;
				GENERATE_INFOPLIST_FILE = YES;
				INFOPLIST_FILE = DailyUniverse/Info.plist;
				INFOPLIST_KEY_UIApplicationSupportsIndirectInputEvents = YES;
				INFOPLIST_KEY_UILaunchStoryboardName = LaunchScreen;
				INFOPLIST_KEY_UISupportedInterfaceOrientations_iPad = "UIInterfaceOrientationPortrait UIInterfaceOrientationPortraitUpsideDown UIInterfaceOrientationLandscapeLeft UIInterfaceOrientationLandscapeRight";
				INFOPLIST_KEY_UISupportedInterfaceOrientations_iPhone = "UIInterfaceOrientationPortrait UIInterfaceOrientationLandscapeLeft UIInterfaceOrientationLandscapeRight";
				LD_RUNPATH_SEARCH_PATHS = (
					"$(inherited)",
					"@executable_path/Frameworks",
				);
				MARKETING_VERSION = 1.0;
				PRODUCT_BUNDLE_IDENTIFIER = com.pedromuniz.DailyUniverse;
				PRODUCT_NAME = "$(TARGET_NAME)";
				SWIFT_EMIT_LOC_STRINGS = YES;
				SWIFT_VERSION = 5.0;
				TARGETED_DEVICE_FAMILY = "1,2";
			};
			name = Release;
		};
		1D3A72E128F481820096DF6E /* Debug */ = {
			isa = XCBuildConfiguration;
			buildSettings = {
				ALWAYS_EMBED_SWIFT_STANDARD_LIBRARIES = YES;
				BUNDLE_LOADER = "$(TEST_HOST)";
				CODE_SIGN_STYLE = Automatic;
				CURRENT_PROJECT_VERSION = 1;
				DEVELOPMENT_TEAM = JF8PTRU8N6;
				GENERATE_INFOPLIST_FILE = YES;
				IPHONEOS_DEPLOYMENT_TARGET = 16.0;
				MARKETING_VERSION = 1.0;
				PRODUCT_BUNDLE_IDENTIFIER = com.pedromuniz.DailyUniverseTests;
				PRODUCT_NAME = "$(TARGET_NAME)";
				SWIFT_EMIT_LOC_STRINGS = NO;
				SWIFT_VERSION = 5.0;
				TARGETED_DEVICE_FAMILY = "1,2";
				TEST_HOST = "$(BUILT_PRODUCTS_DIR)/DailyUniverse.app/$(BUNDLE_EXECUTABLE_FOLDER_PATH)/DailyUniverse";
			};
			name = Debug;
		};
		1D3A72E228F481820096DF6E /* Release */ = {
			isa = XCBuildConfiguration;
			buildSettings = {
				ALWAYS_EMBED_SWIFT_STANDARD_LIBRARIES = YES;
				BUNDLE_LOADER = "$(TEST_HOST)";
				CODE_SIGN_STYLE = Automatic;
				CURRENT_PROJECT_VERSION = 1;
				DEVELOPMENT_TEAM = JF8PTRU8N6;
				GENERATE_INFOPLIST_FILE = YES;
				IPHONEOS_DEPLOYMENT_TARGET = 16.0;
				MARKETING_VERSION = 1.0;
				PRODUCT_BUNDLE_IDENTIFIER = com.pedromuniz.DailyUniverseTests;
				PRODUCT_NAME = "$(TARGET_NAME)";
				SWIFT_EMIT_LOC_STRINGS = NO;
				SWIFT_VERSION = 5.0;
				TARGETED_DEVICE_FAMILY = "1,2";
				TEST_HOST = "$(BUILT_PRODUCTS_DIR)/DailyUniverse.app/$(BUNDLE_EXECUTABLE_FOLDER_PATH)/DailyUniverse";
			};
			name = Release;
		};
		1D3A72E428F481820096DF6E /* Debug */ = {
			isa = XCBuildConfiguration;
			buildSettings = {
				ALWAYS_EMBED_SWIFT_STANDARD_LIBRARIES = YES;
				CODE_SIGN_STYLE = Automatic;
				CURRENT_PROJECT_VERSION = 1;
				DEVELOPMENT_TEAM = JF8PTRU8N6;
				GENERATE_INFOPLIST_FILE = YES;
				MARKETING_VERSION = 1.0;
				PRODUCT_BUNDLE_IDENTIFIER = com.pedromuniz.DailyUniverseUITests;
				PRODUCT_NAME = "$(TARGET_NAME)";
				SWIFT_EMIT_LOC_STRINGS = NO;
				SWIFT_VERSION = 5.0;
				TARGETED_DEVICE_FAMILY = "1,2";
				TEST_TARGET_NAME = DailyUniverse;
			};
			name = Debug;
		};
		1D3A72E528F481820096DF6E /* Release */ = {
			isa = XCBuildConfiguration;
			buildSettings = {
				ALWAYS_EMBED_SWIFT_STANDARD_LIBRARIES = YES;
				CODE_SIGN_STYLE = Automatic;
				CURRENT_PROJECT_VERSION = 1;
				DEVELOPMENT_TEAM = JF8PTRU8N6;
				GENERATE_INFOPLIST_FILE = YES;
				MARKETING_VERSION = 1.0;
				PRODUCT_BUNDLE_IDENTIFIER = com.pedromuniz.DailyUniverseUITests;
				PRODUCT_NAME = "$(TARGET_NAME)";
				SWIFT_EMIT_LOC_STRINGS = NO;
				SWIFT_VERSION = 5.0;
				TARGETED_DEVICE_FAMILY = "1,2";
				TEST_TARGET_NAME = DailyUniverse;
			};
			name = Release;
		};
/* End XCBuildConfiguration section */

/* Begin XCConfigurationList section */
		1D3A72AE28F481810096DF6E /* Build configuration list for PBXProject "DailyUniverse" */ = {
			isa = XCConfigurationList;
			buildConfigurations = (
				1D3A72DB28F481820096DF6E /* Debug */,
				1D3A72DC28F481820096DF6E /* Release */,
			);
			defaultConfigurationIsVisible = 0;
			defaultConfigurationName = Release;
		};
		1D3A72DD28F481820096DF6E /* Build configuration list for PBXNativeTarget "DailyUniverse" */ = {
			isa = XCConfigurationList;
			buildConfigurations = (
				1D3A72DE28F481820096DF6E /* Debug */,
				1D3A72DF28F481820096DF6E /* Release */,
			);
			defaultConfigurationIsVisible = 0;
			defaultConfigurationName = Release;
		};
		1D3A72E028F481820096DF6E /* Build configuration list for PBXNativeTarget "DailyUniverseTests" */ = {
			isa = XCConfigurationList;
			buildConfigurations = (
				1D3A72E128F481820096DF6E /* Debug */,
				1D3A72E228F481820096DF6E /* Release */,
			);
			defaultConfigurationIsVisible = 0;
			defaultConfigurationName = Release;
		};
		1D3A72E328F481820096DF6E /* Build configuration list for PBXNativeTarget "DailyUniverseUITests" */ = {
			isa = XCConfigurationList;
			buildConfigurations = (
				1D3A72E428F481820096DF6E /* Debug */,
				1D3A72E528F481820096DF6E /* Release */,
			);
			defaultConfigurationIsVisible = 0;
			defaultConfigurationName = Release;
		};
/* End XCConfigurationList section */

/* Begin XCRemoteSwiftPackageReference section */
		1DEBCB5F28FD838000FC4B02 /* XCRemoteSwiftPackageReference "lottie-ios" */ = {
			isa = XCRemoteSwiftPackageReference;
			repositoryURL = "https://github.com/airbnb/lottie-ios.git";
			requirement = {
				branch = master;
				kind = branch;
			};
		};
/* End XCRemoteSwiftPackageReference section */

/* Begin XCSwiftPackageProductDependency section */
		1DEBCB6028FD838000FC4B02 /* Lottie */ = {
			isa = XCSwiftPackageProductDependency;
			package = 1DEBCB5F28FD838000FC4B02 /* XCRemoteSwiftPackageReference "lottie-ios" */;
			productName = Lottie;
		};
/* End XCSwiftPackageProductDependency section */
	};
	rootObject = 1D3A72AB28F481810096DF6E /* Project object */;
}
